{
  "name": "Getaviz",
  "version": "1.0.0",
  "lockfileVersion": 1,
  "requires": true,
  "dependencies": {
    "@ztree/ztree_v3": {
      "version": "3.5.40",
      "resolved": "https://registry.npmjs.org/@ztree/ztree_v3/-/ztree_v3-3.5.40.tgz",
      "integrity": "sha512-oQZheqPsta3dQi2fjElORyE9xOshzN7wjYvqTtwNAR2XSeAAdPYCanvTxhvGGeW/xF8o38aP9ktnDYieHsydeA==",
      "requires": {
        "jquery": ">=1.4.4"
      }
    },
    "aframe": {
      "version": "1.0.0",
      "resolved": "https://registry.npmjs.org/aframe/-/aframe-1.0.0.tgz",
      "integrity": "sha512-ekaWxTr/ducB0hudk6As+2lz3WksUq6DzpDGdpijbWWoAoCv+CaVsYMi4reGObtLOI610X4UTAeC245Na5WK6g==",
      "requires": {
        "custom-event-polyfill": "^1.0.6",
        "debug": "github:ngokevin/debug#noTimestamp",
        "deep-assign": "^2.0.0",
        "document-register-element": "github:dmarcos/document-register-element#8ccc532b7f3744be954574caf3072a5fd260ca90",
        "load-bmfont": "^1.2.3",
        "object-assign": "^4.0.1",
        "present": "0.0.6",
        "promise-polyfill": "^3.1.0",
        "super-animejs": "^3.1.0",
        "super-three": "^0.111.4",
        "three-bmfont-text": "github:dmarcos/three-bmfont-text#1babdf8507",
        "webvr-polyfill": "^0.10.10"
      }
    },
    "aframe-orbit-camera-component": {
      "version": "1.1.0",
      "resolved": "https://registry.npmjs.org/aframe-orbit-camera-component/-/aframe-orbit-camera-component-1.1.0.tgz",
      "integrity": "sha512-mYswvdWD/HlTJZkemZDCCs5URkg8SaIkPpQL0ivt/YuV/PdbTLU02E8fwymf/MfBuKkRGzRv8nF0ilPeZXvsjg=="
    },
    "aframe-vive-controls": {
      "version": "1.0.0",
      "resolved": "https://registry.npmjs.org/aframe-vive-controls/-/aframe-vive-controls-1.0.0.tgz",
      "integrity": "sha512-6s7lla4f1Drmxm7Lysw2aT8CpzG75u0YW+YHNnyU8tLz2xsaQVbxUYAKluo9ExoN8Q1nEG/z3gssbCNi5TcAjg=="
    },
    "amdefine": {
      "version": "1.0.1",
      "resolved": "https://registry.npmjs.org/amdefine/-/amdefine-1.0.1.tgz",
      "integrity": "sha1-SlKCrBZHKek2Gbz9OtFR+BfOkfU=",
      "optional": true
    },
    "an-array": {
      "version": "1.0.0",
      "resolved": "https://registry.npmjs.org/an-array/-/an-array-1.0.0.tgz",
      "integrity": "sha1-wSWlu4JXd4419LT2qpx9D6nkJmU="
    },
    "array-shuffle": {
      "version": "1.0.1",
      "resolved": "https://registry.npmjs.org/array-shuffle/-/array-shuffle-1.0.1.tgz",
      "integrity": "sha1-fqSIKjVrS8pfVF4LblLq9tlxVXo="
    },
    "as-number": {
      "version": "1.0.0",
      "resolved": "https://registry.npmjs.org/as-number/-/as-number-1.0.0.tgz",
      "integrity": "sha1-rLJ+NPj52KsNqeN287iVmGD4CmY="
    },
    "async": {
      "version": "0.2.10",
      "resolved": "https://registry.npmjs.org/async/-/async-0.2.10.tgz",
      "integrity": "sha1-trvgsGdLnXGXCMo43owjfLUmw9E=",
      "optional": true
    },
    "buffer-equal": {
      "version": "0.0.1",
      "resolved": "https://registry.npmjs.org/buffer-equal/-/buffer-equal-0.0.1.tgz",
      "integrity": "sha1-kbx0sR6kBbyRa8aqkI+q+ltKrEs="
    },
    "buffer-to-arraybuffer": {
      "version": "0.0.5",
      "resolved": "https://registry.npmjs.org/buffer-to-arraybuffer/-/buffer-to-arraybuffer-0.0.5.tgz",
      "integrity": "sha1-YGSkD6dutDxyOrqe+PbhIW0QURo="
    },
    "cardboard-vr-display": {
      "version": "1.0.18",
      "resolved": "https://registry.npmjs.org/cardboard-vr-display/-/cardboard-vr-display-1.0.18.tgz",
      "integrity": "sha512-G1UEitQBT3pODLnMx37xv9JyZktCBTkwjxS4Vz9KmYL0Ln+Crm/CI7o4WEqAyS6xZjxR3cAvcClou1edX/JUbA==",
      "requires": {
        "gl-preserve-state": "^1.0.0",
        "nosleep.js": "^0.7.0",
        "webvr-polyfill-dpdb": "^1.0.17"
      }
    },
    "clipboard": {
      "version": "2.0.4",
      "resolved": "https://registry.npmjs.org/clipboard/-/clipboard-2.0.4.tgz",
      "integrity": "sha512-Vw26VSLRpJfBofiVaFb/I8PVfdI1OxKcYShe6fm0sP/DtmiWQNCjhM/okTvdCo0G+lMMm1rMYbk4IK4x1X+kgQ==",
      "optional": true,
      "requires": {
        "good-listener": "^1.2.2",
        "select": "^1.1.2",
        "tiny-emitter": "^2.0.0"
      }
    },
    "commander": {
      "version": "2.2.0",
      "resolved": "https://registry.npmjs.org/commander/-/commander-2.2.0.tgz",
      "integrity": "sha1-F1rUuTF/P/YV8gHB5XIk9Vo+kd8="
    },
    "custom-event-polyfill": {
      "version": "1.0.7",
      "resolved": "https://registry.npmjs.org/custom-event-polyfill/-/custom-event-polyfill-1.0.7.tgz",
      "integrity": "sha512-TDDkd5DkaZxZFM8p+1I3yAlvM3rSr1wbrOliG4yJiwinMZN8z/iGL7BTlDkrJcYTmgUSb4ywVCc3ZaUtOtC76w=="
    },
    "d3": {
      "version": "4.13.0",
      "resolved": "https://registry.npmjs.org/d3/-/d3-4.13.0.tgz",
      "integrity": "sha512-l8c4+0SldjVKLaE2WG++EQlqD7mh/dmQjvi2L2lKPadAVC+TbJC4ci7Uk9bRi+To0+ansgsS0iWfPjD7DBy+FQ==",
      "requires": {
        "d3-array": "1.2.1",
        "d3-axis": "1.0.8",
        "d3-brush": "1.0.4",
        "d3-chord": "1.0.4",
        "d3-collection": "1.0.4",
        "d3-color": "1.0.3",
        "d3-dispatch": "1.0.3",
        "d3-drag": "1.2.1",
        "d3-dsv": "1.0.8",
        "d3-ease": "1.0.3",
        "d3-force": "1.1.0",
        "d3-format": "1.2.2",
        "d3-geo": "1.9.1",
        "d3-hierarchy": "1.1.5",
        "d3-interpolate": "1.1.6",
        "d3-path": "1.0.5",
        "d3-polygon": "1.0.3",
        "d3-quadtree": "1.0.3",
        "d3-queue": "3.0.7",
        "d3-random": "1.1.0",
        "d3-request": "1.0.6",
        "d3-scale": "1.0.7",
        "d3-selection": "1.3.0",
        "d3-shape": "1.2.0",
        "d3-time": "1.0.8",
        "d3-time-format": "2.1.1",
        "d3-timer": "1.0.7",
        "d3-transition": "1.1.1",
        "d3-voronoi": "1.1.2",
        "d3-zoom": "1.7.1"
      }
    },
    "d3-array": {
      "version": "1.2.1",
      "resolved": "https://registry.npmjs.org/d3-array/-/d3-array-1.2.1.tgz",
      "integrity": "sha512-CyINJQ0SOUHojDdFDH4JEM0552vCR1utGyLHegJHyYH0JyCpSeTPxi4OBqHMA2jJZq4NH782LtaJWBImqI/HBw=="
    },
    "d3-axis": {
      "version": "1.0.8",
      "resolved": "https://registry.npmjs.org/d3-axis/-/d3-axis-1.0.8.tgz",
      "integrity": "sha1-MacFoLU15ldZ3hQXOjGTMTfxjvo="
    },
    "d3-brush": {
      "version": "1.0.4",
      "resolved": "https://registry.npmjs.org/d3-brush/-/d3-brush-1.0.4.tgz",
      "integrity": "sha1-AMLyOAGfJPbAoZSibUGhUw/+e8Q=",
      "requires": {
        "d3-dispatch": "1",
        "d3-drag": "1",
        "d3-interpolate": "1",
        "d3-selection": "1",
        "d3-transition": "1"
      }
    },
    "d3-chord": {
      "version": "1.0.4",
      "resolved": "https://registry.npmjs.org/d3-chord/-/d3-chord-1.0.4.tgz",
      "integrity": "sha1-fexPC6iG9xP+ERxF92NBT290yiw=",
      "requires": {
        "d3-array": "1",
        "d3-path": "1"
      }
    },
    "d3-collection": {
      "version": "1.0.4",
      "resolved": "https://registry.npmjs.org/d3-collection/-/d3-collection-1.0.4.tgz",
      "integrity": "sha1-NC39EoN8kJdPM/HMCnha6lcNzcI="
    },
    "d3-color": {
      "version": "1.0.3",
      "resolved": "https://registry.npmjs.org/d3-color/-/d3-color-1.0.3.tgz",
      "integrity": "sha1-vHZD/KjlOoNH4vva/6I2eWtYUJs="
    },
    "d3-dispatch": {
      "version": "1.0.3",
      "resolved": "https://registry.npmjs.org/d3-dispatch/-/d3-dispatch-1.0.3.tgz",
      "integrity": "sha1-RuFJHqqbWMNY/OW+TovtYm54cfg="
    },
    "d3-drag": {
      "version": "1.2.1",
      "resolved": "https://registry.npmjs.org/d3-drag/-/d3-drag-1.2.1.tgz",
      "integrity": "sha512-Cg8/K2rTtzxzrb0fmnYOUeZHvwa4PHzwXOLZZPwtEs2SKLLKLXeYwZKBB+DlOxUvFmarOnmt//cU4+3US2lyyQ==",
      "requires": {
        "d3-dispatch": "1",
        "d3-selection": "1"
      }
    },
    "d3-dsv": {
      "version": "1.0.8",
      "resolved": "https://registry.npmjs.org/d3-dsv/-/d3-dsv-1.0.8.tgz",
      "integrity": "sha512-IVCJpQ+YGe3qu6odkPQI0KPqfxkhbP/oM1XhhE/DFiYmcXKfCRub4KXyiuehV1d4drjWVXHUWx4gHqhdZb6n/A==",
      "requires": {
        "commander": "2",
        "iconv-lite": "0.4",
        "rw": "1"
      }
    },
    "d3-ease": {
      "version": "1.0.3",
      "resolved": "https://registry.npmjs.org/d3-ease/-/d3-ease-1.0.3.tgz",
      "integrity": "sha1-aL+8NJM4o4DETYrMT7wzBKotjA4="
    },
    "d3-force": {
      "version": "1.1.0",
      "resolved": "https://registry.npmjs.org/d3-force/-/d3-force-1.1.0.tgz",
      "integrity": "sha512-2HVQz3/VCQs0QeRNZTYb7GxoUCeb6bOzMp/cGcLa87awY9ZsPvXOGeZm0iaGBjXic6I1ysKwMn+g+5jSAdzwcg==",
      "requires": {
        "d3-collection": "1",
        "d3-dispatch": "1",
        "d3-quadtree": "1",
        "d3-timer": "1"
      }
    },
    "d3-format": {
      "version": "1.2.2",
      "resolved": "https://registry.npmjs.org/d3-format/-/d3-format-1.2.2.tgz",
      "integrity": "sha512-zH9CfF/3C8zUI47nsiKfD0+AGDEuM8LwBIP7pBVpyR4l/sKkZqITmMtxRp04rwBrlshIZ17XeFAaovN3++wzkw=="
    },
    "d3-geo": {
      "version": "1.9.1",
      "resolved": "https://registry.npmjs.org/d3-geo/-/d3-geo-1.9.1.tgz",
      "integrity": "sha512-l9wL/cEQkyZQYXw3xbmLsH3eQ5ij+icNfo4r0GrLa5rOCZR/e/3am45IQ0FvQ5uMsv+77zBRunLc9ufTWSQYFA==",
      "requires": {
        "d3-array": "1"
      }
    },
    "d3-hierarchy": {
      "version": "1.1.5",
      "resolved": "https://registry.npmjs.org/d3-hierarchy/-/d3-hierarchy-1.1.5.tgz",
      "integrity": "sha1-ochFxC+Eoga88cAcAQmOpN2qeiY="
    },
    "d3-interpolate": {
      "version": "1.1.6",
      "resolved": "https://registry.npmjs.org/d3-interpolate/-/d3-interpolate-1.1.6.tgz",
      "integrity": "sha512-mOnv5a+pZzkNIHtw/V6I+w9Lqm9L5bG3OTXPM5A+QO0yyVMQ4W1uZhR+VOJmazaOZXri2ppbiZ5BUNWT0pFM9A==",
      "requires": {
        "d3-color": "1"
      }
    },
    "d3-path": {
      "version": "1.0.5",
      "resolved": "https://registry.npmjs.org/d3-path/-/d3-path-1.0.5.tgz",
      "integrity": "sha1-JB6xhJvZ6egCHA0KeZ+KDo5EF2Q="
    },
    "d3-polygon": {
      "version": "1.0.3",
      "resolved": "https://registry.npmjs.org/d3-polygon/-/d3-polygon-1.0.3.tgz",
      "integrity": "sha1-FoiOkCZGCTPysXllKtN4Ik04LGI="
    },
    "d3-quadtree": {
      "version": "1.0.3",
      "resolved": "https://registry.npmjs.org/d3-quadtree/-/d3-quadtree-1.0.3.tgz",
      "integrity": "sha1-rHmH4+I/6AWpkPKOG1DTj8uCJDg="
    },
    "d3-queue": {
      "version": "3.0.7",
      "resolved": "https://registry.npmjs.org/d3-queue/-/d3-queue-3.0.7.tgz",
      "integrity": "sha1-yTouVLQXwJWRKdfXP2z31Ckudhg="
    },
    "d3-random": {
      "version": "1.1.0",
      "resolved": "https://registry.npmjs.org/d3-random/-/d3-random-1.1.0.tgz",
      "integrity": "sha1-ZkLlBsb6OmSFldKyRpeIqNElKdM="
    },
    "d3-request": {
      "version": "1.0.6",
      "resolved": "https://registry.npmjs.org/d3-request/-/d3-request-1.0.6.tgz",
      "integrity": "sha512-FJj8ySY6GYuAJHZMaCQ83xEYE4KbkPkmxZ3Hu6zA1xxG2GD+z6P+Lyp+zjdsHf0xEbp2xcluDI50rCS855EQ6w==",
      "requires": {
        "d3-collection": "1",
        "d3-dispatch": "1",
        "d3-dsv": "1",
        "xmlhttprequest": "1"
      }
    },
    "d3-scale": {
      "version": "1.0.7",
      "resolved": "https://registry.npmjs.org/d3-scale/-/d3-scale-1.0.7.tgz",
      "integrity": "sha512-KvU92czp2/qse5tUfGms6Kjig0AhHOwkzXG0+PqIJB3ke0WUv088AHMZI0OssO9NCkXt4RP8yju9rpH8aGB7Lw==",
      "requires": {
        "d3-array": "^1.2.0",
        "d3-collection": "1",
        "d3-color": "1",
        "d3-format": "1",
        "d3-interpolate": "1",
        "d3-time": "1",
        "d3-time-format": "2"
      }
    },
    "d3-selection": {
      "version": "1.3.0",
      "resolved": "https://registry.npmjs.org/d3-selection/-/d3-selection-1.3.0.tgz",
      "integrity": "sha512-qgpUOg9tl5CirdqESUAu0t9MU/t3O9klYfGfyKsXEmhyxyzLpzpeh08gaxBUTQw1uXIOkr/30Ut2YRjSSxlmHA=="
    },
    "d3-shape": {
      "version": "1.2.0",
      "resolved": "https://registry.npmjs.org/d3-shape/-/d3-shape-1.2.0.tgz",
      "integrity": "sha1-RdAVOPBkuv0F6j1tLLdI/YxB93c=",
      "requires": {
        "d3-path": "1"
      }
    },
    "d3-time": {
      "version": "1.0.8",
      "resolved": "https://registry.npmjs.org/d3-time/-/d3-time-1.0.8.tgz",
      "integrity": "sha512-YRZkNhphZh3KcnBfitvF3c6E0JOFGikHZ4YqD+Lzv83ZHn1/u6yGenRU1m+KAk9J1GnZMnKcrtfvSktlA1DXNQ=="
    },
    "d3-time-format": {
      "version": "2.1.1",
      "resolved": "https://registry.npmjs.org/d3-time-format/-/d3-time-format-2.1.1.tgz",
      "integrity": "sha512-8kAkymq2WMfzW7e+s/IUNAtN/y3gZXGRrdGfo6R8NKPAA85UBTxZg5E61bR6nLwjPjj4d3zywSQe1CkYLPFyrw==",
      "requires": {
        "d3-time": "1"
      }
    },
    "d3-timer": {
      "version": "1.0.7",
      "resolved": "https://registry.npmjs.org/d3-timer/-/d3-timer-1.0.7.tgz",
      "integrity": "sha512-vMZXR88XujmG/L5oB96NNKH5lCWwiLM/S2HyyAQLcjWJCloK5shxta4CwOFYLZoY3AWX73v8Lgv4cCAdWtRmOA=="
    },
    "d3-transition": {
      "version": "1.1.1",
      "resolved": "https://registry.npmjs.org/d3-transition/-/d3-transition-1.1.1.tgz",
      "integrity": "sha512-xeg8oggyQ+y5eb4J13iDgKIjUcEfIOZs2BqV/eEmXm2twx80wTzJ4tB4vaZ5BKfz7XsI/DFmQL5me6O27/5ykQ==",
      "requires": {
        "d3-color": "1",
        "d3-dispatch": "1",
        "d3-ease": "1",
        "d3-interpolate": "1",
        "d3-selection": "^1.1.0",
        "d3-timer": "1"
      }
    },
    "d3-voronoi": {
      "version": "1.1.2",
      "resolved": "https://registry.npmjs.org/d3-voronoi/-/d3-voronoi-1.1.2.tgz",
      "integrity": "sha1-Fodmfo8TotFYyAwUgMWinLDYlzw="
    },
    "d3-zoom": {
      "version": "1.7.1",
      "resolved": "https://registry.npmjs.org/d3-zoom/-/d3-zoom-1.7.1.tgz",
      "integrity": "sha512-sZHQ55DGq5BZBFGnRshUT8tm2sfhPHFnOlmPbbwTkAoPeVdRTkB4Xsf9GCY0TSHrTD8PeJPZGmP/TpGicwJDJQ==",
      "requires": {
        "d3-dispatch": "1",
        "d3-drag": "1",
        "d3-interpolate": "1",
        "d3-selection": "1",
        "d3-transition": "1"
      }
    },
    "debug": {
      "version": "github:ngokevin/debug#ef5f8e66d49ce8bc64c6f282c15f8b7164409e3a",
      "from": "github:ngokevin/debug#noTimestamp"
    },
    "decode-uri-component": {
      "version": "0.2.0",
      "resolved": "https://registry.npmjs.org/decode-uri-component/-/decode-uri-component-0.2.0.tgz",
      "integrity": "sha1-6zkTMzRYd1y4TNGh+uBiEGu4dUU="
    },
    "decompress-response": {
      "version": "3.3.0",
      "resolved": "https://registry.npmjs.org/decompress-response/-/decompress-response-3.3.0.tgz",
      "integrity": "sha1-gKTdMjdIOEv6JICDYirt7Jgq3/M=",
      "requires": {
        "mimic-response": "^1.0.0"
      }
    },
    "deep-assign": {
      "version": "2.0.0",
      "resolved": "https://registry.npmjs.org/deep-assign/-/deep-assign-2.0.0.tgz",
      "integrity": "sha1-6+BrHwfwja5ZdiDj3RYi83GhxXI=",
      "requires": {
        "is-obj": "^1.0.0"
      }
    },
    "delegate": {
      "version": "3.2.0",
      "resolved": "https://registry.npmjs.org/delegate/-/delegate-3.2.0.tgz",
      "integrity": "sha512-IofjkYBZaZivn0V8nnsMJGBr4jVLxHDheKSW88PyxS5QC4Vo9ZbZVvhzlSxY87fVq3STR6r+4cGepyHkcWOQSw==",
      "optional": true
    },
    "document-register-element": {
      "version": "github:dmarcos/document-register-element#8ccc532b7f3744be954574caf3072a5fd260ca90",
      "from": "github:dmarcos/document-register-element#8ccc532b7f3744be954574caf3072a5fd260ca90"
    },
    "dom-walk": {
      "version": "0.1.1",
      "resolved": "https://registry.npmjs.org/dom-walk/-/dom-walk-0.1.1.tgz",
      "integrity": "sha1-ZyIm3HTI95mtNTB9+TaroRrNYBg="
    },
    "dtype": {
      "version": "2.0.0",
      "resolved": "https://registry.npmjs.org/dtype/-/dtype-2.0.0.tgz",
      "integrity": "sha1-zQUjI84GFETs0uj1dI9popvihDQ="
    },
    "flatten-vertex-data": {
      "version": "1.0.2",
      "resolved": "https://registry.npmjs.org/flatten-vertex-data/-/flatten-vertex-data-1.0.2.tgz",
      "integrity": "sha512-BvCBFK2NZqerFTdMDgqfHBwxYWnxeCkwONsw6PvBMcUXqo8U/KDWwmXhqx1x2kLIg7DqIsJfOaJFOmlua3Lxuw==",
      "requires": {
        "dtype": "^2.0.0"
      }
    },
    "gl-preserve-state": {
      "version": "1.0.0",
      "resolved": "https://registry.npmjs.org/gl-preserve-state/-/gl-preserve-state-1.0.0.tgz",
      "integrity": "sha512-zQZ25l3haD4hvgJZ6C9+s0ebdkW9y+7U2qxvGu1uWOJh8a4RU+jURIKEQhf8elIlFpMH6CrAY2tH0mYrRjet3Q=="
    },
    "global": {
      "version": "4.3.2",
      "resolved": "https://registry.npmjs.org/global/-/global-4.3.2.tgz",
      "integrity": "sha1-52mJJopsdMOJCLEwWxD8DjlOnQ8=",
      "requires": {
        "min-document": "^2.19.0",
        "process": "~0.5.1"
      }
    },
    "good-listener": {
      "version": "1.2.2",
      "resolved": "https://registry.npmjs.org/good-listener/-/good-listener-1.2.2.tgz",
      "integrity": "sha1-1TswzfkxPf+33JoNR3CWqm0UXFA=",
      "optional": true,
      "requires": {
        "delegate": "^3.1.2"
      }
    },
    "handlebars": {
      "version": "2.0.0",
      "resolved": "https://registry.npmjs.org/handlebars/-/handlebars-2.0.0.tgz",
      "integrity": "sha1-bp1/hRSjRn+l6fgswVjs/B1ax28=",
      "requires": {
        "optimist": "~0.3",
        "uglify-js": "~2.3"
      }
    },
    "iconv-lite": {
      "version": "0.4.24",
      "resolved": "https://registry.npmjs.org/iconv-lite/-/iconv-lite-0.4.24.tgz",
      "integrity": "sha512-v3MXnZAcvnywkTUEZomIActle7RXXeedOR31wwl7VlyoXO4Qi9arvSenNQWne1TcRwhCL1HwLI21bEqdpj8/rA==",
      "requires": {
        "safer-buffer": ">= 2.1.2 < 3"
      }
    },
    "inherits": {
      "version": "2.0.4",
      "resolved": "https://registry.npmjs.org/inherits/-/inherits-2.0.4.tgz",
      "integrity": "sha512-k/vGaX4/Yla3WzyMCvTQOXYeIHvqOKtnqBduzTHpzpQZzAskKMhZ2K+EnBiSM9zGSoIFeMpXKxa4dYeZIQqewQ=="
    },
    "is-buffer": {
      "version": "1.1.6",
      "resolved": "https://registry.npmjs.org/is-buffer/-/is-buffer-1.1.6.tgz",
      "integrity": "sha512-NcdALwpXkTm5Zvvbk7owOUSvVvBKDgKP5/ewfXEznmQFfs4ZRmanOeKBTjRVjka3QFoN6XJ+9F3USqfHqTaU5w=="
    },
    "is-function": {
      "version": "1.0.1",
      "resolved": "https://registry.npmjs.org/is-function/-/is-function-1.0.1.tgz",
      "integrity": "sha1-Es+5i2W1fdPRk6MSH19uL0N2ArU="
    },
    "is-obj": {
      "version": "1.0.1",
      "resolved": "https://registry.npmjs.org/is-obj/-/is-obj-1.0.1.tgz",
      "integrity": "sha1-PkcprB9f3gJc19g6iW2rn09n2w8="
    },
    "jquery": {
      "version": "1.11.1",
      "resolved": "https://registry.npmjs.org/jquery/-/jquery-1.11.1.tgz",
      "integrity": "sha1-tuyShZARLr7Wnh5Jy/0AJczWDds="
    },
    "jqwidgets-scripts": {
      "version": "7.1.0",
      "resolved": "https://registry.npmjs.org/jqwidgets-scripts/-/jqwidgets-scripts-7.1.0.tgz",
      "integrity": "sha512-5DyTiIwvUI80GfFk8p/jG/Hn0qWjxO/mfhoJWZaLTh+RoFyOFmVGoUO6LSm0lzQ3YCuAo+w/aanq7arXkiA6nw=="
    },
    "layout-bmfont-text": {
      "version": "1.3.4",
      "resolved": "https://registry.npmjs.org/layout-bmfont-text/-/layout-bmfont-text-1.3.4.tgz",
      "integrity": "sha1-8g8sVGR3T0jabOipl/vObUaUW4E=",
      "requires": {
        "as-number": "^1.0.0",
        "word-wrapper": "^1.0.7",
        "xtend": "^4.0.0"
      }
    },
    "load-bmfont": {
      "version": "1.4.0",
      "resolved": "https://registry.npmjs.org/load-bmfont/-/load-bmfont-1.4.0.tgz",
      "integrity": "sha512-kT63aTAlNhZARowaNYcY29Fn/QYkc52M3l6V1ifRcPewg2lvUZDAj7R6dXjOL9D0sict76op3T5+odumDSF81g==",
      "requires": {
        "buffer-equal": "0.0.1",
        "mime": "^1.3.4",
        "parse-bmfont-ascii": "^1.0.3",
        "parse-bmfont-binary": "^1.0.5",
        "parse-bmfont-xml": "^1.1.4",
        "phin": "^2.9.1",
        "xhr": "^2.0.1",
        "xtend": "^4.0.0"
      }
    },
    "map-limit": {
      "version": "0.0.1",
      "resolved": "https://registry.npmjs.org/map-limit/-/map-limit-0.0.1.tgz",
      "integrity": "sha1-63lhAxwPDo0AG/LVb6toXViCLzg=",
      "requires": {
        "once": "~1.3.0"
      }
    },
    "mime": {
      "version": "1.6.0",
      "resolved": "https://registry.npmjs.org/mime/-/mime-1.6.0.tgz",
      "integrity": "sha512-x0Vn8spI+wuJ1O6S7gnbaQg8Pxh4NNHb7KSINmEWKiPE4RKOplvijn+NkmYmmRgP68mc70j2EbeTFRsrswaQeg=="
    },
    "mimic-response": {
      "version": "1.0.1",
      "resolved": "https://registry.npmjs.org/mimic-response/-/mimic-response-1.0.1.tgz",
      "integrity": "sha512-j5EctnkH7amfV/q5Hgmoal1g2QHFJRraOtmx0JpIqkxhBhI/lJSl1nMpQ45hVarwNETOoWEimndZ4QK0RHxuxQ=="
    },
    "min-document": {
      "version": "2.19.0",
      "resolved": "https://registry.npmjs.org/min-document/-/min-document-2.19.0.tgz",
      "integrity": "sha1-e9KC4/WELtKVu3SM3Z8f+iyCRoU=",
      "requires": {
        "dom-walk": "^0.1.0"
      }
    },
    "minimist": {
      "version": "1.2.0",
      "resolved": "https://registry.npmjs.org/minimist/-/minimist-1.2.0.tgz",
      "integrity": "sha1-o1AIsg9BOD7sH7kU9M1d95omQoQ="
    },
    "new-array": {
      "version": "1.0.0",
      "resolved": "https://registry.npmjs.org/new-array/-/new-array-1.0.0.tgz",
      "integrity": "sha1-XbxjnZYerH8an7wacUbsEvKST78="
    },
    "nice-color-palettes": {
      "version": "1.0.1",
      "resolved": "https://registry.npmjs.org/nice-color-palettes/-/nice-color-palettes-1.0.1.tgz",
      "integrity": "sha1-h16gHchu+uf1leBmqLJmDnIGBT4=",
      "requires": {
        "map-limit": "0.0.1",
        "minimist": "^1.2.0",
        "new-array": "^1.0.0",
        "xhr-request": "^1.0.1"
      }
    },
    "nosleep.js": {
      "version": "0.7.0",
      "resolved": "https://registry.npmjs.org/nosleep.js/-/nosleep.js-0.7.0.tgz",
      "integrity": "sha1-z9kZwlUjyg0PSmn7MwXAg62u4ok="
    },
    "object-assign": {
      "version": "4.1.1",
      "resolved": "https://registry.npmjs.org/object-assign/-/object-assign-4.1.1.tgz",
      "integrity": "sha1-IQmtx5ZYh8/AXLvUQsrIv7s2CGM="
    },
    "once": {
      "version": "1.3.3",
      "resolved": "https://registry.npmjs.org/once/-/once-1.3.3.tgz",
      "integrity": "sha1-suJhVXzkwxTsgwTz+oJmPkKXyiA=",
      "requires": {
        "wrappy": "1"
      }
    },
    "optimist": {
      "version": "0.3.7",
      "resolved": "https://registry.npmjs.org/optimist/-/optimist-0.3.7.tgz",
      "integrity": "sha1-yQlBrVnkJzMokjB00s8ufLxuwNk=",
      "requires": {
        "wordwrap": "~0.0.2"
      }
    },
    "parse-bmfont-ascii": {
      "version": "1.0.6",
      "resolved": "https://registry.npmjs.org/parse-bmfont-ascii/-/parse-bmfont-ascii-1.0.6.tgz",
      "integrity": "sha1-Eaw8P/WPfCAgqyJ2kHkQjU36AoU="
    },
    "parse-bmfont-binary": {
      "version": "1.0.6",
      "resolved": "https://registry.npmjs.org/parse-bmfont-binary/-/parse-bmfont-binary-1.0.6.tgz",
      "integrity": "sha1-0Di0dtPp3Z2x4RoLDlOiJ5K2kAY="
    },
    "parse-bmfont-xml": {
      "version": "1.1.4",
      "resolved": "https://registry.npmjs.org/parse-bmfont-xml/-/parse-bmfont-xml-1.1.4.tgz",
      "integrity": "sha512-bjnliEOmGv3y1aMEfREMBJ9tfL3WR0i0CKPj61DnSLaoxWR3nLrsQrEbCId/8rF4NyRF0cCqisSVXyQYWM+mCQ==",
      "requires": {
        "xml-parse-from-string": "^1.0.0",
        "xml2js": "^0.4.5"
      }
    },
    "parse-headers": {
      "version": "2.0.3",
      "resolved": "https://registry.npmjs.org/parse-headers/-/parse-headers-2.0.3.tgz",
      "integrity": "sha512-QhhZ+DCCit2Coi2vmAKbq5RGTRcQUOE2+REgv8vdyu7MnYx2eZztegqtTx99TZ86GTIwqiy3+4nQTWZ2tgmdCA=="
    },
    "phin": {
      "version": "2.9.3",
      "resolved": "https://registry.npmjs.org/phin/-/phin-2.9.3.tgz",
      "integrity": "sha512-CzFr90qM24ju5f88quFC/6qohjC144rehe5n6DH900lgXmUe86+xCKc10ev56gRKC4/BkHUoG4uSiQgBiIXwDA=="
    },
    "present": {
      "version": "0.0.6",
      "resolved": "https://registry.npmjs.org/present/-/present-0.0.6.tgz",
      "integrity": "sha1-nu/3ANqp6ZhhM1Lkf3rCMk1PrwI="
    },
    "prismjs": {
      "version": "1.16.0",
      "resolved": "https://registry.npmjs.org/prismjs/-/prismjs-1.16.0.tgz",
      "integrity": "sha512-OA4MKxjFZHSvZcisLGe14THYsug/nF6O1f0pAJc0KN0wTyAcLqmsbE+lTGKSpyh+9pEW57+k6pg2AfYR+coyHA==",
      "requires": {
        "clipboard": "^2.0.0"
      }
    },
    "process": {
      "version": "0.5.2",
      "resolved": "https://registry.npmjs.org/process/-/process-0.5.2.tgz",
      "integrity": "sha1-FjjYqONML0QKkduVq5rrZ3/Bhc8="
    },
    "promise-polyfill": {
      "version": "3.1.0",
      "resolved": "https://registry.npmjs.org/promise-polyfill/-/promise-polyfill-3.1.0.tgz",
      "integrity": "sha1-YpUrAdBZsRW0MnY7fvRhuA9t9H0="
    },
    "quad-indices": {
      "version": "2.0.1",
      "resolved": "https://registry.npmjs.org/quad-indices/-/quad-indices-2.0.1.tgz",
      "integrity": "sha1-ppQdiaE9Y+7WwdSlpiGgRjYXqBQ=",
      "requires": {
        "an-array": "^1.0.0",
        "dtype": "^2.0.0",
        "is-buffer": "^1.0.2"
      }
    },
    "query-string": {
      "version": "5.1.1",
      "resolved": "https://registry.npmjs.org/query-string/-/query-string-5.1.1.tgz",
      "integrity": "sha512-gjWOsm2SoGlgLEdAGt7a6slVOk9mGiXmPFMqrEhLQ68rhQuBnpfs3+EmlvqKyxnCo9/PPlF+9MtY02S1aFg+Jw==",
      "requires": {
        "decode-uri-component": "^0.2.0",
        "object-assign": "^4.1.0",
        "strict-uri-encode": "^1.0.0"
      }
    },
    "rw": {
      "version": "1.3.3",
      "resolved": "https://registry.npmjs.org/rw/-/rw-1.3.3.tgz",
      "integrity": "sha1-P4Yt+pGrdmsUiF700BEkv9oHT7Q="
    },
    "safer-buffer": {
      "version": "2.1.2",
      "resolved": "https://registry.npmjs.org/safer-buffer/-/safer-buffer-2.1.2.tgz",
      "integrity": "sha512-YZo3K82SD7Riyi0E1EQPojLz7kpepnSQI9IyPbHHg1XXXevb5dJI7tpyN2ADxGcQbHG7vcyRHk0cbwqcQriUtg=="
    },
    "sax": {
      "version": "1.2.4",
      "resolved": "https://registry.npmjs.org/sax/-/sax-1.2.4.tgz",
      "integrity": "sha512-NqVDv9TpANUjFm0N8uM5GxL36UgKi9/atZw+x7YFnQ8ckwFGKrl4xX4yWtrey3UJm5nP1kUbnYgLopqWNSRhWw=="
    },
    "select": {
      "version": "1.1.2",
      "resolved": "https://registry.npmjs.org/select/-/select-1.1.2.tgz",
      "integrity": "sha1-DnNQrN7ICxEIUoeG7B1EGNEbOW0=",
      "optional": true
    },
    "simple-concat": {
      "version": "1.0.0",
      "resolved": "https://registry.npmjs.org/simple-concat/-/simple-concat-1.0.0.tgz",
      "integrity": "sha1-c0TLuLbib7J9ZrL8hvn21Zl1IcY="
    },
    "simple-get": {
      "version": "2.8.1",
      "resolved": "https://registry.npmjs.org/simple-get/-/simple-get-2.8.1.tgz",
      "integrity": "sha512-lSSHRSw3mQNUGPAYRqo7xy9dhKmxFXIjLjp4KHpf99GEH2VH7C3AM+Qfx6du6jhfUi6Vm7XnbEVEf7Wb6N8jRw==",
      "requires": {
        "decompress-response": "^3.3.0",
        "once": "^1.3.1",
        "simple-concat": "^1.0.0"
      }
    },
    "source-map": {
      "version": "0.1.43",
      "resolved": "https://registry.npmjs.org/source-map/-/source-map-0.1.43.tgz",
      "integrity": "sha1-wkvBRspRfBRx9drL4lcbK3+eM0Y=",
      "optional": true,
      "requires": {
        "amdefine": ">=0.0.4"
      }
    },
    "strict-uri-encode": {
      "version": "1.1.0",
      "resolved": "https://registry.npmjs.org/strict-uri-encode/-/strict-uri-encode-1.1.0.tgz",
      "integrity": "sha1-J5siXfHVgrH1TmWt3UNS4Y+qBxM="
    },
    "super-animejs": {
      "version": "3.1.0",
      "resolved": "https://registry.npmjs.org/super-animejs/-/super-animejs-3.1.0.tgz",
      "integrity": "sha512-6MFAFJDRuvwkovxQZPruuyHinTa4rgj4hNLOndjcYYhZLckoXtVRY9rJPuq8p6c/tgZJrFYEAYAfJ2/hhNtUCA=="
    },
    "super-three": {
      "version": "0.111.5",
      "resolved": "https://registry.npmjs.org/super-three/-/super-three-0.111.5.tgz",
      "integrity": "sha512-buiuap/8a7//5dDnjVwgkRz5NcSFlMxclsPZDsSmN2z8m2AccK/SneGPqA7d02N/BUKaS0qtFqnLKVb3WZ1Zzg=="
    },
    "three-bmfont-text": {
      "version": "github:dmarcos/three-bmfont-text#1babdf8507c731a18f8af3b807292e2b9740955e",
      "from": "github:dmarcos/three-bmfont-text#1babdf8507",
      "requires": {
        "array-shuffle": "^1.0.1",
        "inherits": "^2.0.1",
        "layout-bmfont-text": "^1.2.0",
        "nice-color-palettes": "^1.0.1",
        "object-assign": "^4.0.1",
        "quad-indices": "^2.0.1",
        "three-buffer-vertex-data": "github:dmarcos/three-buffer-vertex-data#69378fc58daf27d3b1d930df9f233473e4a4818c"
      }
    },
    "three-buffer-vertex-data": {
      "version": "github:dmarcos/three-buffer-vertex-data#69378fc58daf27d3b1d930df9f233473e4a4818c",
      "from": "github:dmarcos/three-buffer-vertex-data#69378fc58daf27d3b1d930df9f233473e4a4818c",
      "requires": {
        "flatten-vertex-data": "^1.0.0"
      }
    },
    "timed-out": {
      "version": "4.0.1",
      "resolved": "https://registry.npmjs.org/timed-out/-/timed-out-4.0.1.tgz",
      "integrity": "sha1-8y6srFoXW+ol1/q1Zas+2HQe9W8="
    },
    "tiny-emitter": {
      "version": "2.1.0",
      "resolved": "https://registry.npmjs.org/tiny-emitter/-/tiny-emitter-2.1.0.tgz",
      "integrity": "sha512-NB6Dk1A9xgQPMoGqC5CVXn123gWyte215ONT5Pp5a0yt4nlEoO1ZWeCwpncaekPHXO60i47ihFnZPiRPjRMq4Q==",
      "optional": true
    },
    "typeahead.js": {
      "version": "0.10.5",
      "resolved": "https://registry.npmjs.org/typeahead.js/-/typeahead.js-0.10.5.tgz",
      "integrity": "sha1-HZlxsPRNOF/q2/IsnzadtWKRLeE="
    },
    "uglify-js": {
      "version": "2.3.6",
      "resolved": "https://registry.npmjs.org/uglify-js/-/uglify-js-2.3.6.tgz",
      "integrity": "sha1-+gmEdwtCi3qbKoBY9GNV0U/vIRo=",
      "optional": true,
      "requires": {
        "async": "~0.2.6",
        "optimist": "~0.3.5",
        "source-map": "~0.1.7"
      }
    },
    "url-set-query": {
      "version": "1.0.0",
      "resolved": "https://registry.npmjs.org/url-set-query/-/url-set-query-1.0.0.tgz",
      "integrity": "sha1-AW6M/Xwg7gXK/neV6JK9BwL6ozk="
    },
    "webvr-polyfill": {
      "version": "0.10.11",
      "resolved": "https://registry.npmjs.org/webvr-polyfill/-/webvr-polyfill-0.10.11.tgz",
      "integrity": "sha512-mzTuMpC3W/aKmm5QxYtTzXAxhVo3tR4c0D5Kihk8Q38GVxiCOvS4Ga4LBN8CsFVpXu1WkGeuf/hMzF75iWYiyA==",
      "requires": {
        "cardboard-vr-display": "^1.0.18"
      }
    },
    "webvr-polyfill-dpdb": {
      "version": "1.0.17",
      "resolved": "https://registry.npmjs.org/webvr-polyfill-dpdb/-/webvr-polyfill-dpdb-1.0.17.tgz",
      "integrity": "sha512-WOd4s0gSrb0fOlOtIpqFbwLBATax/ka7DFAB/u+C9KJBBJk1/x/FZlFynOqsNrUxMJniOdO7ViFJwVdMScMQzA=="
    },
    "word-wrapper": {
      "version": "1.0.7",
      "resolved": "https://registry.npmjs.org/word-wrapper/-/word-wrapper-1.0.7.tgz",
      "integrity": "sha1-HxSv6/Zt/fD+9V79NxhO+9CMKLY="
    },
    "wordwrap": {
      "version": "0.0.3",
      "resolved": "https://registry.npmjs.org/wordwrap/-/wordwrap-0.0.3.tgz",
      "integrity": "sha1-o9XabNXAvAAI03I0u68b7WMFkQc="
    },
    "wrappy": {
      "version": "1.0.2",
      "resolved": "https://registry.npmjs.org/wrappy/-/wrappy-1.0.2.tgz",
      "integrity": "sha1-tSQ9jz7BqjXxNkYFvA0QNuMKtp8="
    },
    "x3dom": {
      "version": "1.7.0",
      "resolved": "https://registry.npmjs.org/x3dom/-/x3dom-1.7.0.tgz",
      "integrity": "sha1-GC9S+v+xU1g8HEziQOvOcI0Hc+M="
    },
    "xhr": {
      "version": "2.5.0",
      "resolved": "https://registry.npmjs.org/xhr/-/xhr-2.5.0.tgz",
      "integrity": "sha512-4nlO/14t3BNUZRXIXfXe+3N6w3s1KoxcJUUURctd64BLRe67E4gRwp4PjywtDY72fXpZ1y6Ch0VZQRY/gMPzzQ==",
      "requires": {
        "global": "~4.3.0",
        "is-function": "^1.0.1",
        "parse-headers": "^2.0.0",
        "xtend": "^4.0.0"
      }
    },
    "xhr-request": {
      "version": "1.1.0",
      "resolved": "https://registry.npmjs.org/xhr-request/-/xhr-request-1.1.0.tgz",
      "integrity": "sha512-Y7qzEaR3FDtL3fP30k9wO/e+FBnBByZeybKOhASsGP30NIkRAAkKD/sCnLvgEfAIEC1rcmK7YG8f4oEnIrrWzA==",
      "requires": {
        "buffer-to-arraybuffer": "^0.0.5",
        "object-assign": "^4.1.1",
        "query-string": "^5.0.1",
        "simple-get": "^2.7.0",
        "timed-out": "^4.0.1",
        "url-set-query": "^1.0.0",
        "xhr": "^2.0.4"
      }
    },
    "xml-parse-from-string": {
      "version": "1.0.1",
      "resolved": "https://registry.npmjs.org/xml-parse-from-string/-/xml-parse-from-string-1.0.1.tgz",
      "integrity": "sha1-qQKekp09vN7RafPG4oI42VpdWig="
    },
    "xml2js": {
      "version": "0.4.23",
      "resolved": "https://registry.npmjs.org/xml2js/-/xml2js-0.4.23.tgz",
      "integrity": "sha512-ySPiMjM0+pLDftHgXY4By0uswI3SPKLDw/i3UXbnO8M/p28zqexCUoPmQFrYD+/1BzhGJSs2i1ERWKJAtiLrug==",
      "requires": {
        "sax": ">=0.6.0",
        "xmlbuilder": "~11.0.0"
      }
    },
    "xmlbuilder": {
      "version": "11.0.1",
      "resolved": "https://registry.npmjs.org/xmlbuilder/-/xmlbuilder-11.0.1.tgz",
      "integrity": "sha512-fDlsI/kFEx7gLvbecc0/ohLG50fugQp8ryHzMTuW9vSa1GJ0XYWKnhsUx7oie3G98+r56aTQIUB4kht42R3JvA=="
    },
    "xmlhttprequest": {
      "version": "1.8.0",
      "resolved": "https://registry.npmjs.org/xmlhttprequest/-/xmlhttprequest-1.8.0.tgz",
      "integrity": "sha1-Z/4HXFwk/vOfnWX197f+dRcZaPw="
    },
    "xtend": {
      "version": "4.0.2",
      "resolved": "https://registry.npmjs.org/xtend/-/xtend-4.0.2.tgz",
      "integrity": "sha512-LKYU1iAXJXUgAXn9URjiu+MWhyUXHsvfp7mcuYm9dSUKK0/CjtrUwFAxD82/mCWbtLsGjFIad0wIsod4zrTAEQ=="
    }
  }
}
